<?xml version="1.0" encoding="utf-8"?>
<Project ToolsVersion="4.0" xmlns="http://schemas.microsoft.com/developer/msbuild/2003">
  <ItemGroup>
    <Filter Include="源文件">
      <UniqueIdentifier>{4FC737F1-C7A5-4376-A066-2A32D752A2FF}</UniqueIdentifier>
      <Extensions>cpp;c;cc;cxx;def;odl;idl;hpj;bat;asm;asmx</Extensions>
    </Filter>
    <Filter Include="头文件">
      <UniqueIdentifier>{93995380-89BD-4b04-88EB-625FBE52EBFB}</UniqueIdentifier>
      <Extensions>h;hh;hpp;hxx;hm;inl;inc;xsd</Extensions>
    </Filter>
    <Filter Include="资源文件">
      <UniqueIdentifier>{67DA6AB6-F800-4c08-8B7A-83BB121AAD01}</UniqueIdentifier>
      <Extensions>rc;ico;cur;bmp;dlg;rc2;rct;bin;rgs;gif;jpg;jpeg;jpe;resx;tiff;tif;png;wav;mfcribbon-ms</Extensions>
    </Filter>
    <Filter Include="头文件\net">
      <UniqueIdentifier>{33969742-beed-4277-a6ac-f0a5edde7040}</UniqueIdentifier>
    </Filter>
    <Filter Include="头文件\service">
      <UniqueIdentifier>{52a1015b-8cdc-4a7d-af15-2bb694bf251f}</UniqueIdentifier>
    </Filter>
    <Filter Include="头文件\util">
      <UniqueIdentifier>{07817449-e0c1-4c3b-96c1-23377a19027c}</UniqueIdentifier>
    </Filter>
    <Filter Include="源文件\net">
      <UniqueIdentifier>{06355232-d890-420e-a308-07a0f7a5086a}</UniqueIdentifier>
    </Filter>
    <Filter Include="源文件\service">
      <UniqueIdentifier>{aef650f6-9750-4612-a310-30c11e0e9cc2}</UniqueIdentifier>
    </Filter>
    <Filter Include="源文件\util">
      <UniqueIdentifier>{ba2937f0-81cf-4f41-872c-b5e50ea336ce}</UniqueIdentifier>
    </Filter>
  </ItemGroup>
  <ItemGroup>
    <ClInclude Include="src\net\service_error.h">
      <Filter>头文件\net</Filter>
    </ClInclude>
    <ClInclude Include="src\net\tcp_server.h">
      <Filter>头文件\net</Filter>
    </ClInclude>
    <ClInclude Include="src\net\ws_framedata_parser.h">
      <Filter>头文件\net</Filter>
    </ClInclude>
    <ClInclude Include="src\net\ws_request.h">
      <Filter>头文件\net</Filter>
    </ClInclude>
    <ClInclude Include="src\net\ws_request_parser.h">
      <Filter>头文件\net</Filter>
    </ClInclude>
    <ClInclude Include="src\service\async_task.h">
      <Filter>头文件\service</Filter>
    </ClInclude>
    <ClInclude Include="src\service\command.h">
      <Filter>头文件\service</Filter>
    </ClInclude>
    <ClInclude Include="src\service\command_dispatcher.h">
      <Filter>头文件\service</Filter>
    </ClInclude>
    <ClInclude Include="src\service\game_client.h">
      <Filter>头文件\service</Filter>
    </ClInclude>
    <ClInclude Include="src\service\game_desk_list.h">
      <Filter>头文件\service</Filter>
    </ClInclude>
    <ClInclude Include="src\service\game_info.h">
      <Filter>头文件\service</Filter>
    </ClInclude>
    <ClInclude Include="src\service\game_plugin.h">
      <Filter>头文件\service</Filter>
    </ClInclude>
    <ClInclude Include="src\service\game_service.h">
      <Filter>头文件\service</Filter>
    </ClInclude>
    <ClInclude Include="src\service\game_zone.h">
      <Filter>头文件\service</Filter>
    </ClInclude>
    <ClInclude Include="src\service\http_request.h">
      <Filter>头文件\service</Filter>
    </ClInclude>
    <ClInclude Include="src\service\ip_monitor.h">
      <Filter>头文件\service</Filter>
    </ClInclude>
    <ClInclude Include="src\service\post_monitor.h">
      <Filter>头文件\service</Filter>
    </ClInclude>
    <ClInclude Include="src\service\service_error.h">
      <Filter>头文件\service</Filter>
    </ClInclude>
    <ClInclude Include="src\util\char_key_op.h">
      <Filter>头文件\util</Filter>
    </ClInclude>
    <ClInclude Include="src\util\service_status.h">
      <Filter>头文件\util</Filter>
    </ClInclude>
    <ClInclude Include="src\util\tick_count.h">
      <Filter>头文件\util</Filter>
    </ClInclude>
    <ClInclude Include="src\util\utility.h">
      <Filter>头文件\util</Filter>
    </ClInclude>
    <ClInclude Include="src\util\ws_util.h">
      <Filter>头文件\util</Filter>
    </ClInclude>
    <ClInclude Include="src\dooqu_service.h">
      <Filter>头文件</Filter>
    </ClInclude>
    <ClInclude Include="src\net\ws_client.h">
      <Filter>头文件\net</Filter>
    </ClInclude>
    <ClInclude Include="src\service\data_dispatcher.h">
      <Filter>头文件\service</Filter>
    </ClInclude>
    <ClInclude Include="src\net\buffer_stream.h">
      <Filter>头文件\net</Filter>
    </ClInclude>
  </ItemGroup>
  <ItemGroup>
    <ClCompile Include="src\net\tcp_server.cpp">
      <Filter>源文件\net</Filter>
    </ClCompile>
    <ClCompile Include="src\net\ws_request_parser.cpp">
      <Filter>源文件\net</Filter>
    </ClCompile>
    <ClCompile Include="src\util\service_status.cpp">
      <Filter>源文件\util</Filter>
    </ClCompile>
    <ClCompile Include="src\util\utility.cpp">
      <Filter>源文件\util</Filter>
    </ClCompile>
    <ClCompile Include="src\service\async_task.cpp">
      <Filter>源文件\service</Filter>
    </ClCompile>
    <ClCompile Include="src\service\command.cpp">
      <Filter>源文件\service</Filter>
    </ClCompile>
    <ClCompile Include="src\service\command_dispatcher.cpp">
      <Filter>源文件\service</Filter>
    </ClCompile>
    <ClCompile Include="src\service\game_client.cpp">
      <Filter>源文件\service</Filter>
    </ClCompile>
    <ClCompile Include="src\service\game_plugin.cpp">
      <Filter>源文件\service</Filter>
    </ClCompile>
    <ClCompile Include="src\service\game_service.cpp">
      <Filter>源文件\service</Filter>
    </ClCompile>
    <ClCompile Include="src\service\game_zone.cpp">
      <Filter>源文件\service</Filter>
    </ClCompile>
    <ClCompile Include="src\service\post_monitor.cpp">
      <Filter>源文件\service</Filter>
    </ClCompile>
    <ClCompile Include="src\main.cpp">
      <Filter>源文件</Filter>
    </ClCompile>
    <ClCompile Include="src\net\ws_client.cpp">
      <Filter>源文件\net</Filter>
    </ClCompile>
  </ItemGroup>
</Project>